PODS:
  - Analytics (3.7.0)
  - Flutter (1.0.0)
  - flutter_segment (0.0.1):
    - Analytics (= 3.7.0)
    - Flutter

DEPENDENCIES:
  - Flutter (from `Flutter`)
  - flutter_segment (from `.symlinks/plugins/flutter_segment/ios`)

SPEC REPOS:
  https://github.com/cocoapods/specs.git:
    - Analytics

EXTERNAL SOURCES:
  Flutter:
    :path: Flutter
  flutter_segment:
    :path: ".symlinks/plugins/flutter_segment/ios"

SPEC CHECKSUMS:
  Analytics: 77fd5fb102a4a5eedafa2c2b0245ceb7b7c15e45
  Flutter: 0e3d915762c693b495b44d77113d4970485de6ec
  flutter_segment: 31dce829260fc896cd391d7cee4fc3609003f93c

PODFILE CHECKSUM: 3dbe063e9c90a5d7c9e4e76e70a821b9e2c1d271

COCOAPODS: 1.7.4
