PODS:
  - Amplitude (8.5.0)
  - Analytics (4.1.6)
  - Flutter (1.0.0)
  - flutter_segment (0.0.1):
    - Analytics (= 4.1.6)
    - Flutter
    - Segment-Amplitude (= 3.3.2)
  - Segment-Amplitude (3.3.2):
    - Amplitude (~> 8.3)
    - Analytics

DEPENDENCIES:
  - Flutter (from `Flutter`)
  - flutter_segment (from `.symlinks/plugins/flutter_segment/ios`)

SPEC REPOS:
  trunk:
    - Amplitude
    - Analytics
    - Segment-Amplitude

EXTERNAL SOURCES:
  Flutter:
    :path: Flutter
  flutter_segment:
    :path: ".symlinks/plugins/flutter_segment/ios"

SPEC CHECKSUMS:
  Amplitude: ef9ed339ddd33c9183edf63fa4bbaa86cf873321
  Analytics: eefe524436f904b8bb3f8c8c3425280e43b34efc
  Flutter: 50d75fe2f02b26cc09d224853bb45737f8b3214a
  flutter_segment: 9cdace39639298eb31ad1555e5916edf8f9fc6b8
  Segment-Amplitude: 6c1e59c8c278a21029ba7a6a788fcb31b9233a2c

PODFILE CHECKSUM: c5a3a731b49f8e74894a9db5e2e52860ff4a4538

COCOAPODS: 1.11.2
