PODS:
  - Flutter (1.0.0)
  - flutter_segment (0.0.1):
    - Flutter

DEPENDENCIES:
  - Flutter (from `Flutter`)
  - flutter_segment (from `.symlinks/plugins/flutter_segment/ios`)

EXTERNAL SOURCES:
  Flutter:
    :path: Flutter
  flutter_segment:
    :path: ".symlinks/plugins/flutter_segment/ios"

SPEC CHECKSUMS:
  Flutter: 0e3d915762c693b495b44d77113d4970485de6ec
  flutter_segment: b9ec751f8fe2c713919747925c680cfb82d2f046

PODFILE CHECKSUM: aafe91acc616949ddb318b77800a7f51bffa2a4c

COCOAPODS: 1.8.4
